
Microsoft Visual Studio Solution File, Format Version 12.00
# Visual Studio 15
VisualStudioVersion = 15.0.27703.2026
MinimumVisualStudioVersion = 10.0.40219.1
Project("{FAE04EC0-301F-11D3-BF4B-00C04F79EFBC}") = "委托事件", "委托事件\委托事件.csproj", "{A006EF1B-7237-45D1-98EF-DE2A602A8A94}"
EndProject
Project("{FAE04EC0-301F-11D3-BF4B-00C04F79EFBC}") = "委托事件改进", "委托事件改进\委托事件改进.csproj", "{B2E5A9E9-D825-411A-8905-77CAC452B81F}"
EndProject
Global
	GlobalSection(SolutionConfigurationPlatforms) = preSolution
		Debug|Any CPU = Debug|Any CPU
		Release|Any CPU = Release|Any CPU
	EndGlobalSection
	GlobalSection(ProjectConfigurationPlatforms) = postSolution
		{A006EF1B-7237-45D1-98EF-DE2A602A8A94}.Debug|Any CPU.ActiveCfg = Debug|Any CPU
		{A006EF1B-7237-45D1-98EF-DE2A602A8A94}.Debug|Any CPU.Build.0 = Debug|Any CPU
		{A006EF1B-7237-45D1-98EF-DE2A602A8A94}.Release|Any CPU.ActiveCfg = Release|Any CPU
		{A006EF1B-7237-45D1-98EF-DE2A602A8A94}.Release|Any CPU.Build.0 = Release|Any CPU
		{B2E5A9E9-D825-411A-8905-77CAC452B81F}.Debug|Any CPU.ActiveCfg = Debug|Any CPU
		{B2E5A9E9-D825-411A-8905-77CAC452B81F}.Debug|Any CPU.Build.0 = Debug|Any CPU
		{B2E5A9E9-D825-411A-8905-77CAC452B81F}.Release|Any CPU.ActiveCfg = Release|Any CPU
		{B2E5A9E9-D825-411A-8905-77CAC452B81F}.Release|Any CPU.Build.0 = Release|Any CPU
	EndGlobalSection
	GlobalSection(SolutionProperties) = preSolution
		HideSolutionNode = FALSE
	EndGlobalSection
	GlobalSection(ExtensibilityGlobals) = postSolution
		SolutionGuid = {AE15A5DC-0F40-4B52-8A57-5623EC8287E5}
	EndGlobalSection
EndGlobal
