
Microsoft Visual Studio Solution File, Format Version 12.00
# Visual Studio 15
VisualStudioVersion = 15.0.27703.2026
MinimumVisualStudioVersion = 10.0.40219.1
Project("{FAE04EC0-301F-11D3-BF4B-00C04F79EFBC}") = "递归函数", "递归函数\递归函数.csproj", "{EAEDAA79-96C0-49A8-BEE4-F158D3A1AE01}"
EndProject
Global
	GlobalSection(SolutionConfigurationPlatforms) = preSolution
		Debug|Any CPU = Debug|Any CPU
		Release|Any CPU = Release|Any CPU
	EndGlobalSection
	GlobalSection(ProjectConfigurationPlatforms) = postSolution
		{EAEDAA79-96C0-49A8-BEE4-F158D3A1AE01}.Debug|Any CPU.ActiveCfg = Debug|Any CPU
		{EAEDAA79-96C0-49A8-BEE4-F158D3A1AE01}.Debug|Any CPU.Build.0 = Debug|Any CPU
		{EAEDAA79-96C0-49A8-BEE4-F158D3A1AE01}.Release|Any CPU.ActiveCfg = Release|Any CPU
		{EAEDAA79-96C0-49A8-BEE4-F158D3A1AE01}.Release|Any CPU.Build.0 = Release|Any CPU
	EndGlobalSection
	GlobalSection(SolutionProperties) = preSolution
		HideSolutionNode = FALSE
	EndGlobalSection
	GlobalSection(ExtensibilityGlobals) = postSolution
		SolutionGuid = {AC984273-DE7F-43C1-8028-1EA810AAE0BC}
	EndGlobalSection
EndGlobal
